{
  "name": "react-native-transformable-image",
  "version": "0.0.19-convoy-3",
  "lockfileVersion": 1,
  "requires": true,
  "dependencies": {
    "js-tokens": {
      "version": "4.0.0",
      "resolved": "https://packages.convoy.com:443/artifactory/api/npm/npm/js-tokens/-/js-tokens-4.0.0.tgz",
      "integrity": "sha1-GSA/tZmR35jjoocFDUZHzerzJJk=",
      "dev": true
    },
    "loose-envify": {
      "version": "1.4.0",
      "resolved": "https://packages.convoy.com:443/artifactory/api/npm/npm/loose-envify/-/loose-envify-1.4.0.tgz",
      "integrity": "sha1-ce5R+nvkyuwaY4OffmgtgTLTDK8=",
      "dev": true,
      "requires": {
        "js-tokens": "^3.0.0 || ^4.0.0"
      }
    },
    "object-assign": {
      "version": "4.1.1",
      "resolved": "https://packages.convoy.com:443/artifactory/api/npm/npm/object-assign/-/object-assign-4.1.1.tgz",
      "integrity": "sha1-IQmtx5ZYh8/AXLvUQsrIv7s2CGM=",
      "dev": true
    },
    "prop-types": {
      "version": "15.7.2",
      "resolved": "https://packages.convoy.com:443/artifactory/api/npm/npm/prop-types/-/prop-types-15.7.2.tgz",
      "integrity": "sha1-UsQedbjIfnK52TYOAga5ncv/psU=",
      "dev": true,
      "requires": {
        "loose-envify": "^1.4.0",
        "object-assign": "^4.1.1",
        "react-is": "^16.8.1"
      }
    },
    "react-is": {
      "version": "16.13.1",
      "resolved": "https://packages.convoy.com:443/artifactory/api/npm/npm/react-is/-/react-is-16.13.1.tgz",
      "integrity": "sha1-eJcppNw23imZ3BVt1sHZwYzqVqQ=",
      "dev": true
    },
    "react-native-gesture-responder": {
      "version": "0.1.1",
      "resolved": "https://packages.convoy.com:443/artifactory/api/npm/npm/react-native-gesture-responder/-/react-native-gesture-responder-0.1.1.tgz",
      "integrity": "sha1-gCVS2OtxU8DYGjlumPS4C0BLZ5g=",
      "requires": {
        "react-timer-mixin": "^0.13.3"
      }
    },
    "react-native-scroller": {
      "version": "0.0.6",
      "resolved": "https://packages.convoy.com:443/artifactory/api/npm/npm/react-native-scroller/-/react-native-scroller-0.0.6.tgz",
      "integrity": "sha1-3qjIm9HKLSRF+7azqQlg32wXZ/8="
    },
    "react-native-view-transformer": {
      "version": "github:convoyinc/react-native-view-transformer#747cdb4c17a5b4b06cf4aa26a819ba62b31ebdf5",
      "from": "github:convoyinc/react-native-view-transformer#v0.0.28-convoy-1",
      "requires": {
        "react-native-gesture-responder": "0.1.1",
        "react-native-scroller": "0.0.6"
      }
    },
    "react-timer-mixin": {
      "version": "0.13.4",
      "resolved": "https://packages.convoy.com:443/artifactory/api/npm/npm/react-timer-mixin/-/react-timer-mixin-0.13.4.tgz",
      "integrity": "sha1-daAMPJTBOr4ptD1jtMZaiPyCZNM="
    }
  }
}
